
Microsoft Visual Studio Solution File, Format Version 12.00
# Visual Studio Version 17
VisualStudioVersion = 17.1.32228.430
MinimumVisualStudioVersion = 10.0.40219.1
Project("{9A19103F-16F7-4668-BE54-9A1E7A4F7556}") = "VideoMicroService", "VideoMicroService\VideoMicroService.csproj", "{DFBD52D7-2F33-42D3-AEAF-5B9E634EF96A}"
EndProject
Project("{FAE04EC0-301F-11D3-BF4B-00C04F79EFBC}") = "FavoriteVideoMicroService", "FavoriteVideoMicroService\FavoriteVideoMicroService.csproj", "{748C435E-E147-4674-94DE-794026119B8C}"
EndProject
Global
	GlobalSection(SolutionConfigurationPlatforms) = preSolution
		Debug|Any CPU = Debug|Any CPU
		Release|Any CPU = Release|Any CPU
	EndGlobalSection
	GlobalSection(ProjectConfigurationPlatforms) = postSolution
		{DFBD52D7-2F33-42D3-AEAF-5B9E634EF96A}.Debug|Any CPU.ActiveCfg = Debug|Any CPU
		{DFBD52D7-2F33-42D3-AEAF-5B9E634EF96A}.Debug|Any CPU.Build.0 = Debug|Any CPU
		{DFBD52D7-2F33-42D3-AEAF-5B9E634EF96A}.Release|Any CPU.ActiveCfg = Release|Any CPU
		{DFBD52D7-2F33-42D3-AEAF-5B9E634EF96A}.Release|Any CPU.Build.0 = Release|Any CPU
		{748C435E-E147-4674-94DE-794026119B8C}.Debug|Any CPU.ActiveCfg = Debug|Any CPU
		{748C435E-E147-4674-94DE-794026119B8C}.Debug|Any CPU.Build.0 = Debug|Any CPU
		{748C435E-E147-4674-94DE-794026119B8C}.Release|Any CPU.ActiveCfg = Release|Any CPU
		{748C435E-E147-4674-94DE-794026119B8C}.Release|Any CPU.Build.0 = Release|Any CPU
	EndGlobalSection
	GlobalSection(SolutionProperties) = preSolution
		HideSolutionNode = FALSE
	EndGlobalSection
	GlobalSection(ExtensibilityGlobals) = postSolution
		SolutionGuid = {1F33A7FB-F6B1-4EA3-975D-28E43EFEAC42}
	EndGlobalSection
EndGlobal
